
Microsoft Visual Studio Solution File, Format Version 12.00
# Visual Studio Version 16
VisualStudioVersion = 16.0.30611.23
MinimumVisualStudioVersion = 10.0.40219.1
Project("{FAE04EC0-301F-11D3-BF4B-00C04F79EFBC}") = "Students KPisev13", "Students KPisev13\Students KPisev13.csproj", "{DC14F2F8-6537-4FD3-8330-AA0BCC528B60}"
EndProject
Global
	GlobalSection(SolutionConfigurationPlatforms) = preSolution
		Debug|Any CPU = Debug|Any CPU
		Release|Any CPU = Release|Any CPU
	EndGlobalSection
	GlobalSection(ProjectConfigurationPlatforms) = postSolution
		{DC14F2F8-6537-4FD3-8330-AA0BCC528B60}.Debug|Any CPU.ActiveCfg = Debug|Any CPU
		{DC14F2F8-6537-4FD3-8330-AA0BCC528B60}.Debug|Any CPU.Build.0 = Debug|Any CPU
		{DC14F2F8-6537-4FD3-8330-AA0BCC528B60}.Release|Any CPU.ActiveCfg = Release|Any CPU
		{DC14F2F8-6537-4FD3-8330-AA0BCC528B60}.Release|Any CPU.Build.0 = Release|Any CPU
	EndGlobalSection
	GlobalSection(SolutionProperties) = preSolution
		HideSolutionNode = FALSE
	EndGlobalSection
	GlobalSection(ExtensibilityGlobals) = postSolution
		SolutionGuid = {8A7B4C62-3D26-41F8-A81F-403DE58512C8}
	EndGlobalSection
EndGlobal
