
Microsoft Visual Studio Solution File, Format Version 12.00
# Visual Studio Version 16
VisualStudioVersion = 16.0.30611.23
MinimumVisualStudioVersion = 10.0.40219.1
Project("{FAE04EC0-301F-11D3-BF4B-00C04F79EFBC}") = "KPisev13 zad2 11.04.2020", "KPisev13 zad2 11.04.2020\KPisev13 zad2 11.04.2020.csproj", "{24536061-129F-4B83-B3A6-FB350245CE74}"
EndProject
Global
	GlobalSection(SolutionConfigurationPlatforms) = preSolution
		Debug|Any CPU = Debug|Any CPU
		Release|Any CPU = Release|Any CPU
	EndGlobalSection
	GlobalSection(ProjectConfigurationPlatforms) = postSolution
		{24536061-129F-4B83-B3A6-FB350245CE74}.Debug|Any CPU.ActiveCfg = Debug|Any CPU
		{24536061-129F-4B83-B3A6-FB350245CE74}.Debug|Any CPU.Build.0 = Debug|Any CPU
		{24536061-129F-4B83-B3A6-FB350245CE74}.Release|Any CPU.ActiveCfg = Release|Any CPU
		{24536061-129F-4B83-B3A6-FB350245CE74}.Release|Any CPU.Build.0 = Release|Any CPU
	EndGlobalSection
	GlobalSection(SolutionProperties) = preSolution
		HideSolutionNode = FALSE
	EndGlobalSection
	GlobalSection(ExtensibilityGlobals) = postSolution
		SolutionGuid = {F18686CB-5409-4774-9C73-7383387D7B9B}
	EndGlobalSection
EndGlobal
