
Microsoft Visual Studio Solution File, Format Version 12.00
# Visual Studio Version 16
VisualStudioVersion = 16.0.32002.261
MinimumVisualStudioVersion = 10.0.40219.1
Project("{FAE04EC0-301F-11D3-BF4B-00C04F79EFBC}") = "Interfeisite", "Interfeisite\Interfeisite.csproj", "{FC61944A-02CE-4C2E-97DD-334E1147D7A9}"
EndProject
Global
	GlobalSection(SolutionConfigurationPlatforms) = preSolution
		Debug|Any CPU = Debug|Any CPU
		Release|Any CPU = Release|Any CPU
	EndGlobalSection
	GlobalSection(ProjectConfigurationPlatforms) = postSolution
		{FC61944A-02CE-4C2E-97DD-334E1147D7A9}.Debug|Any CPU.ActiveCfg = Debug|Any CPU
		{FC61944A-02CE-4C2E-97DD-334E1147D7A9}.Debug|Any CPU.Build.0 = Debug|Any CPU
		{FC61944A-02CE-4C2E-97DD-334E1147D7A9}.Release|Any CPU.ActiveCfg = Release|Any CPU
		{FC61944A-02CE-4C2E-97DD-334E1147D7A9}.Release|Any CPU.Build.0 = Release|Any CPU
	EndGlobalSection
	GlobalSection(SolutionProperties) = preSolution
		HideSolutionNode = FALSE
	EndGlobalSection
	GlobalSection(ExtensibilityGlobals) = postSolution
		SolutionGuid = {93CFA3A8-463A-47C8-B144-485A0D68A043}
	EndGlobalSection
EndGlobal
