
Microsoft Visual Studio Solution File, Format Version 12.00
# Visual Studio Version 16
VisualStudioVersion = 16.0.30611.23
MinimumVisualStudioVersion = 10.0.40219.1
Project("{FAE04EC0-301F-11D3-BF4B-00C04F79EFBC}") = "Dumerenmasiv", "Dumerenmasiv\Dumerenmasiv.csproj", "{22DA1EDF-6EAF-4D7A-A630-4DACCBA99018}"
EndProject
Global
	GlobalSection(SolutionConfigurationPlatforms) = preSolution
		Debug|Any CPU = Debug|Any CPU
		Release|Any CPU = Release|Any CPU
	EndGlobalSection
	GlobalSection(ProjectConfigurationPlatforms) = postSolution
		{22DA1EDF-6EAF-4D7A-A630-4DACCBA99018}.Debug|Any CPU.ActiveCfg = Debug|Any CPU
		{22DA1EDF-6EAF-4D7A-A630-4DACCBA99018}.Debug|Any CPU.Build.0 = Debug|Any CPU
		{22DA1EDF-6EAF-4D7A-A630-4DACCBA99018}.Release|Any CPU.ActiveCfg = Release|Any CPU
		{22DA1EDF-6EAF-4D7A-A630-4DACCBA99018}.Release|Any CPU.Build.0 = Release|Any CPU
	EndGlobalSection
	GlobalSection(SolutionProperties) = preSolution
		HideSolutionNode = FALSE
	EndGlobalSection
	GlobalSection(ExtensibilityGlobals) = postSolution
		SolutionGuid = {D52CB05C-F43D-4718-AD15-241BEE91C67F}
	EndGlobalSection
EndGlobal
