
Microsoft Visual Studio Solution File, Format Version 12.00
# Visual Studio Version 16
VisualStudioVersion = 16.0.30611.23
MinimumVisualStudioVersion = 10.0.40219.1
Project("{FAE04EC0-301F-11D3-BF4B-00C04F79EFBC}") = "aciwo", "aciwo\aciwo.csproj", "{BE169CF7-0F6A-49CD-89F0-1DAEA17EC92A}"
EndProject
Global
	GlobalSection(SolutionConfigurationPlatforms) = preSolution
		Debug|Any CPU = Debug|Any CPU
		Release|Any CPU = Release|Any CPU
	EndGlobalSection
	GlobalSection(ProjectConfigurationPlatforms) = postSolution
		{BE169CF7-0F6A-49CD-89F0-1DAEA17EC92A}.Debug|Any CPU.ActiveCfg = Debug|Any CPU
		{BE169CF7-0F6A-49CD-89F0-1DAEA17EC92A}.Debug|Any CPU.Build.0 = Debug|Any CPU
		{BE169CF7-0F6A-49CD-89F0-1DAEA17EC92A}.Release|Any CPU.ActiveCfg = Release|Any CPU
		{BE169CF7-0F6A-49CD-89F0-1DAEA17EC92A}.Release|Any CPU.Build.0 = Release|Any CPU
	EndGlobalSection
	GlobalSection(SolutionProperties) = preSolution
		HideSolutionNode = FALSE
	EndGlobalSection
	GlobalSection(ExtensibilityGlobals) = postSolution
		SolutionGuid = {5951046C-5F12-4CE0-BA97-270511E8074D}
	EndGlobalSection
EndGlobal
