
Microsoft Visual Studio Solution File, Format Version 12.00
# Visual Studio Version 16
VisualStudioVersion = 16.0.31911.196
MinimumVisualStudioVersion = 10.0.40219.1
Project("{FAE04EC0-301F-11D3-BF4B-00C04F79EFBC}") = "Kapsulirane", "Kapsulirane\Kapsulirane.csproj", "{B50CA178-DF97-4339-A431-13D765002C2B}"
EndProject
Global
	GlobalSection(SolutionConfigurationPlatforms) = preSolution
		Debug|Any CPU = Debug|Any CPU
		Release|Any CPU = Release|Any CPU
	EndGlobalSection
	GlobalSection(ProjectConfigurationPlatforms) = postSolution
		{B50CA178-DF97-4339-A431-13D765002C2B}.Debug|Any CPU.ActiveCfg = Debug|Any CPU
		{B50CA178-DF97-4339-A431-13D765002C2B}.Debug|Any CPU.Build.0 = Debug|Any CPU
		{B50CA178-DF97-4339-A431-13D765002C2B}.Release|Any CPU.ActiveCfg = Release|Any CPU
		{B50CA178-DF97-4339-A431-13D765002C2B}.Release|Any CPU.Build.0 = Release|Any CPU
	EndGlobalSection
	GlobalSection(SolutionProperties) = preSolution
		HideSolutionNode = FALSE
	EndGlobalSection
	GlobalSection(ExtensibilityGlobals) = postSolution
		SolutionGuid = {2E801AF0-860C-4D7A-AC03-07C8A2F42A45}
	EndGlobalSection
EndGlobal
