
Microsoft Visual Studio Solution File, Format Version 12.00
# Visual Studio Version 16
VisualStudioVersion = 16.0.32002.261
MinimumVisualStudioVersion = 10.0.40219.1
Project("{FAE04EC0-301F-11D3-BF4B-00C04F79EFBC}") = "Zadachi2022naKonzolata", "Zadachi2022naKonzolata\Zadachi2022naKonzolata.csproj", "{C8474F2B-B502-4697-96AD-B828CA02A113}"
EndProject
Global
	GlobalSection(SolutionConfigurationPlatforms) = preSolution
		Debug|Any CPU = Debug|Any CPU
		Release|Any CPU = Release|Any CPU
	EndGlobalSection
	GlobalSection(ProjectConfigurationPlatforms) = postSolution
		{C8474F2B-B502-4697-96AD-B828CA02A113}.Debug|Any CPU.ActiveCfg = Debug|Any CPU
		{C8474F2B-B502-4697-96AD-B828CA02A113}.Debug|Any CPU.Build.0 = Debug|Any CPU
		{C8474F2B-B502-4697-96AD-B828CA02A113}.Release|Any CPU.ActiveCfg = Release|Any CPU
		{C8474F2B-B502-4697-96AD-B828CA02A113}.Release|Any CPU.Build.0 = Release|Any CPU
	EndGlobalSection
	GlobalSection(SolutionProperties) = preSolution
		HideSolutionNode = FALSE
	EndGlobalSection
	GlobalSection(ExtensibilityGlobals) = postSolution
		SolutionGuid = {3607CB0F-32DA-4232-A984-B96EBEB38F91}
	EndGlobalSection
EndGlobal
