
Microsoft Visual Studio Solution File, Format Version 12.00
# Visual Studio Version 16
VisualStudioVersion = 16.0.31624.102
MinimumVisualStudioVersion = 10.0.40219.1
Project("{FAE04EC0-301F-11D3-BF4B-00C04F79EFBC}") = "StudentSystem_KP", "StudentSystem_KP\StudentSystem_KP.csproj", "{AB77BF5F-9D04-4D5E-984F-93A6CBF43410}"
EndProject
Global
	GlobalSection(SolutionConfigurationPlatforms) = preSolution
		Debug|Any CPU = Debug|Any CPU
		Release|Any CPU = Release|Any CPU
	EndGlobalSection
	GlobalSection(ProjectConfigurationPlatforms) = postSolution
		{AB77BF5F-9D04-4D5E-984F-93A6CBF43410}.Debug|Any CPU.ActiveCfg = Debug|Any CPU
		{AB77BF5F-9D04-4D5E-984F-93A6CBF43410}.Debug|Any CPU.Build.0 = Debug|Any CPU
		{AB77BF5F-9D04-4D5E-984F-93A6CBF43410}.Release|Any CPU.ActiveCfg = Release|Any CPU
		{AB77BF5F-9D04-4D5E-984F-93A6CBF43410}.Release|Any CPU.Build.0 = Release|Any CPU
	EndGlobalSection
	GlobalSection(SolutionProperties) = preSolution
		HideSolutionNode = FALSE
	EndGlobalSection
	GlobalSection(ExtensibilityGlobals) = postSolution
		SolutionGuid = {D5033CF7-E087-4424-A1C3-C1949C0D5522}
	EndGlobalSection
EndGlobal
