
Microsoft Visual Studio Solution File, Format Version 12.00
# Visual Studio Version 16
VisualStudioVersion = 16.0.30611.23
MinimumVisualStudioVersion = 10.0.40219.1
Project("{FAE04EC0-301F-11D3-BF4B-00C04F79EFBC}") = "Cikli1", "Cikli1\Cikli1.csproj", "{824CA8D7-1292-4E2A-9D59-C3BEF5AC87DD}"
EndProject
Global
	GlobalSection(SolutionConfigurationPlatforms) = preSolution
		Debug|Any CPU = Debug|Any CPU
		Release|Any CPU = Release|Any CPU
	EndGlobalSection
	GlobalSection(ProjectConfigurationPlatforms) = postSolution
		{824CA8D7-1292-4E2A-9D59-C3BEF5AC87DD}.Debug|Any CPU.ActiveCfg = Debug|Any CPU
		{824CA8D7-1292-4E2A-9D59-C3BEF5AC87DD}.Debug|Any CPU.Build.0 = Debug|Any CPU
		{824CA8D7-1292-4E2A-9D59-C3BEF5AC87DD}.Release|Any CPU.ActiveCfg = Release|Any CPU
		{824CA8D7-1292-4E2A-9D59-C3BEF5AC87DD}.Release|Any CPU.Build.0 = Release|Any CPU
	EndGlobalSection
	GlobalSection(SolutionProperties) = preSolution
		HideSolutionNode = FALSE
	EndGlobalSection
	GlobalSection(ExtensibilityGlobals) = postSolution
		SolutionGuid = {781DC24B-27A6-416D-A407-6A7C0AFCDF96}
	EndGlobalSection
EndGlobal
