
Microsoft Visual Studio Solution File, Format Version 12.00
# Visual Studio Version 16
VisualStudioVersion = 16.0.30611.23
MinimumVisualStudioVersion = 10.0.40219.1
Project("{FAE04EC0-301F-11D3-BF4B-00C04F79EFBC}") = "opashki", "opashki\opashki.csproj", "{AE381E65-3A91-4E54-AFE8-68F22266CE1A}"
EndProject
Global
	GlobalSection(SolutionConfigurationPlatforms) = preSolution
		Debug|Any CPU = Debug|Any CPU
		Release|Any CPU = Release|Any CPU
	EndGlobalSection
	GlobalSection(ProjectConfigurationPlatforms) = postSolution
		{AE381E65-3A91-4E54-AFE8-68F22266CE1A}.Debug|Any CPU.ActiveCfg = Debug|Any CPU
		{AE381E65-3A91-4E54-AFE8-68F22266CE1A}.Debug|Any CPU.Build.0 = Debug|Any CPU
		{AE381E65-3A91-4E54-AFE8-68F22266CE1A}.Release|Any CPU.ActiveCfg = Release|Any CPU
		{AE381E65-3A91-4E54-AFE8-68F22266CE1A}.Release|Any CPU.Build.0 = Release|Any CPU
	EndGlobalSection
	GlobalSection(SolutionProperties) = preSolution
		HideSolutionNode = FALSE
	EndGlobalSection
	GlobalSection(ExtensibilityGlobals) = postSolution
		SolutionGuid = {FB666FF3-D1FC-4792-B022-6DAF6AC25122}
	EndGlobalSection
EndGlobal
