
Microsoft Visual Studio Solution File, Format Version 12.00
# Visual Studio Version 16
VisualStudioVersion = 16.0.31624.102
MinimumVisualStudioVersion = 10.0.40219.1
Project("{FAE04EC0-301F-11D3-BF4B-00C04F79EFBC}") = "zad1_KPisev", "zad1_KPisev\zad1_KPisev.csproj", "{16700918-710A-4C4D-B9DD-32D4E48FF7CA}"
EndProject
Global
	GlobalSection(SolutionConfigurationPlatforms) = preSolution
		Debug|Any CPU = Debug|Any CPU
		Release|Any CPU = Release|Any CPU
	EndGlobalSection
	GlobalSection(ProjectConfigurationPlatforms) = postSolution
		{16700918-710A-4C4D-B9DD-32D4E48FF7CA}.Debug|Any CPU.ActiveCfg = Debug|Any CPU
		{16700918-710A-4C4D-B9DD-32D4E48FF7CA}.Debug|Any CPU.Build.0 = Debug|Any CPU
		{16700918-710A-4C4D-B9DD-32D4E48FF7CA}.Release|Any CPU.ActiveCfg = Release|Any CPU
		{16700918-710A-4C4D-B9DD-32D4E48FF7CA}.Release|Any CPU.Build.0 = Release|Any CPU
	EndGlobalSection
	GlobalSection(SolutionProperties) = preSolution
		HideSolutionNode = FALSE
	EndGlobalSection
	GlobalSection(ExtensibilityGlobals) = postSolution
		SolutionGuid = {CBDA86CB-A375-48C1-A98C-840244954CCB}
	EndGlobalSection
EndGlobal
