
Microsoft Visual Studio Solution File, Format Version 12.00
# Visual Studio Version 16
VisualStudioVersion = 16.0.30611.23
MinimumVisualStudioVersion = 10.0.40219.1
Project("{FAE04EC0-301F-11D3-BF4B-00C04F79EFBC}") = "KPisev3130_zad2", "KPisev3130_zad2\KPisev3130_zad2.csproj", "{3E12250A-890C-43C2-9333-A9E4353F92BE}"
EndProject
Global
	GlobalSection(SolutionConfigurationPlatforms) = preSolution
		Debug|Any CPU = Debug|Any CPU
		Release|Any CPU = Release|Any CPU
	EndGlobalSection
	GlobalSection(ProjectConfigurationPlatforms) = postSolution
		{3E12250A-890C-43C2-9333-A9E4353F92BE}.Debug|Any CPU.ActiveCfg = Debug|Any CPU
		{3E12250A-890C-43C2-9333-A9E4353F92BE}.Debug|Any CPU.Build.0 = Debug|Any CPU
		{3E12250A-890C-43C2-9333-A9E4353F92BE}.Release|Any CPU.ActiveCfg = Release|Any CPU
		{3E12250A-890C-43C2-9333-A9E4353F92BE}.Release|Any CPU.Build.0 = Release|Any CPU
	EndGlobalSection
	GlobalSection(SolutionProperties) = preSolution
		HideSolutionNode = FALSE
	EndGlobalSection
	GlobalSection(ExtensibilityGlobals) = postSolution
		SolutionGuid = {864469AF-2650-4B24-8AFE-E0823200819C}
	EndGlobalSection
EndGlobal
